// !$*UTF8*$!
{
	archiveVersion = 1;
	classes = {
	};
	objectVersion = 48;
	objects = {

/* Begin PBXBuildFile section */
		09BA38D8AFBB3F1716CF7A0B /* Pods_TestInk.framework in Frameworks */ = {isa = PBXBuildFile; fileRef = C1D766212326535D36FF19E7 /* Pods_TestInk.framework */; };
		29AB680844A9E9DE12584F34 /* Pods_TestInkUITests.framework in Frameworks */ = {isa = PBXBuildFile; fileRef = 6417917C743170CA606FCDEC /* Pods_TestInkUITests.framework */; };
		54477DCC434351742E324AA2 /* Pods_TestInkTests.framework in Frameworks */ = {isa = PBXBuildFile; fileRef = C8A11AACD981822A46FC1AF5 /* Pods_TestInkTests.framework */; };
		8127EFA9205B1EA8001AAF6D /* FavoriteCell.swift in Sources */ = {isa = PBXBuildFile; fileRef = 8127EFA8205B1EA8001AAF6D /* FavoriteCell.swift */; };
		81294E41207277E800EF50B0 /* CropFilterViewController.swift in Sources */ = {isa = PBXBuildFile; fileRef = 81294E40207277E800EF50B0 /* CropFilterViewController.swift */; };
		81294E432072783A00EF50B0 /* CropFilterView.swift in Sources */ = {isa = PBXBuildFile; fileRef = 81294E422072783A00EF50B0 /* CropFilterView.swift */; };
		81381850206AD5EC00E29DEA /* PreviewCell.swift in Sources */ = {isa = PBXBuildFile; fileRef = 8138184F206AD5EC00E29DEA /* PreviewCell.swift */; };
		81381852206D2C6900E29DEA /* FirebaseLikingService.swift in Sources */ = {isa = PBXBuildFile; fileRef = 81381851206D2C6900E29DEA /* FirebaseLikingService.swift */; };
		81381854206D2D7B00E29DEA /* LikeServiceDelegate.swift in Sources */ = {isa = PBXBuildFile; fileRef = 81381853206D2D7B00E29DEA /* LikeServiceDelegate.swift */; };
		814F072720643D6200789C14 /* FirebaseDesignPostService.swift in Sources */ = {isa = PBXBuildFile; fileRef = 814F072620643D6200789C14 /* FirebaseDesignPostService.swift */; };
		814F072920643D7600789C14 /* FirebasePreviewPostService.swift in Sources */ = {isa = PBXBuildFile; fileRef = 814F072820643D7600789C14 /* FirebasePreviewPostService.swift */; };
		814F072B20643D9A00789C14 /* FirebaseFlaggingService.swift in Sources */ = {isa = PBXBuildFile; fileRef = 814F072A20643D9A00789C14 /* FirebaseFlaggingService.swift */; };
		814F072D20643DC900789C14 /* FlagServiceDelegate.swift in Sources */ = {isa = PBXBuildFile; fileRef = 814F072C20643DC900789C14 /* FlagServiceDelegate.swift */; };
		814F072F20652C9900789C14 /* ImageHelper.swift in Sources */ = {isa = PBXBuildFile; fileRef = 814F072E20652C9900789C14 /* ImageHelper.swift */; };
		814F073120652CDD00789C14 /* NetworkHelper.swift in Sources */ = {isa = PBXBuildFile; fileRef = 814F073020652CDD00789C14 /* NetworkHelper.swift */; };
		814F0733206535AD00789C14 /* StorageServiceDelegate.swift in Sources */ = {isa = PBXBuildFile; fileRef = 814F0732206535AD00789C14 /* StorageServiceDelegate.swift */; };
		814F073720698F3600789C14 /* FirebaseModels.swift in Sources */ = {isa = PBXBuildFile; fileRef = 814F073620698F3600789C14 /* FirebaseModels.swift */; };
		818C258A2059CB0400401C10 /* AppDelegate.swift in Sources */ = {isa = PBXBuildFile; fileRef = 818C25892059CB0400401C10 /* AppDelegate.swift */; };
		818C25922059CB0400401C10 /* TestInk.xcdatamodeld in Sources */ = {isa = PBXBuildFile; fileRef = 818C25902059CB0400401C10 /* TestInk.xcdatamodeld */; };
		818C25942059CB0400401C10 /* Assets.xcassets in Resources */ = {isa = PBXBuildFile; fileRef = 818C25932059CB0400401C10 /* Assets.xcassets */; };
		818C25A22059CB0500401C10 /* TestInkTests.swift in Sources */ = {isa = PBXBuildFile; fileRef = 818C25A12059CB0500401C10 /* TestInkTests.swift */; };
		818C25AD2059CB0500401C10 /* TestInkUITests.swift in Sources */ = {isa = PBXBuildFile; fileRef = 818C25AC2059CB0500401C10 /* TestInkUITests.swift */; };
		818C25BB2059D25000401C10 /* GoogleService-Info.plist in Resources */ = {isa = PBXBuildFile; fileRef = 818C25BA2059D25000401C10 /* GoogleService-Info.plist */; };
		818C25BC2059D25000401C10 /* GoogleService-Info.plist in Resources */ = {isa = PBXBuildFile; fileRef = 818C25BA2059D25000401C10 /* GoogleService-Info.plist */; };
		818C25BD2059D25000401C10 /* GoogleService-Info.plist in Resources */ = {isa = PBXBuildFile; fileRef = 818C25BA2059D25000401C10 /* GoogleService-Info.plist */; };
		818C25C42059DB3400401C10 /* FeedCell.swift in Sources */ = {isa = PBXBuildFile; fileRef = 818C25C32059DB3400401C10 /* FeedCell.swift */; };
		818C25CA2059DBAC00401C10 /* Stylesheet.swift in Sources */ = {isa = PBXBuildFile; fileRef = 818C25C92059DBAB00401C10 /* Stylesheet.swift */; };
		818C25CC2059DBC300401C10 /* AuthUserService.swift in Sources */ = {isa = PBXBuildFile; fileRef = 818C25CB2059DBC300401C10 /* AuthUserService.swift */; };
		818C25D42059DC7E00401C10 /* FirebaseStorageService.swift in Sources */ = {isa = PBXBuildFile; fileRef = 818C25D32059DC7E00401C10 /* FirebaseStorageService.swift */; };
		818C25D82059DCE800401C10 /* FirebaseUserService.swift in Sources */ = {isa = PBXBuildFile; fileRef = 818C25D72059DCE800401C10 /* FirebaseUserService.swift */; };
		818C25DA2059DD1700401C10 /* LoginVC.swift in Sources */ = {isa = PBXBuildFile; fileRef = 818C25D92059DD1700401C10 /* LoginVC.swift */; };
		818C25DC2059DD3600401C10 /* EditImageVC.swift in Sources */ = {isa = PBXBuildFile; fileRef = 818C25DB2059DD3600401C10 /* EditImageVC.swift */; };
		818C25DE2059DD4B00401C10 /* ARVC.swift in Sources */ = {isa = PBXBuildFile; fileRef = 818C25DD2059DD4B00401C10 /* ARVC.swift */; };
		818C25E02059DD5E00401C10 /* UploadVC.swift in Sources */ = {isa = PBXBuildFile; fileRef = 818C25DF2059DD5E00401C10 /* UploadVC.swift */; };
		818C25E22059DD7200401C10 /* ProfileVC.swift in Sources */ = {isa = PBXBuildFile; fileRef = 818C25E12059DD7200401C10 /* ProfileVC.swift */; };
		818C25E42059DD8A00401C10 /* FeedVC.swift in Sources */ = {isa = PBXBuildFile; fileRef = 818C25E32059DD8A00401C10 /* FeedVC.swift */; };
		818C25E62059DDB700401C10 /* CreateAccountVC.swift in Sources */ = {isa = PBXBuildFile; fileRef = 818C25E52059DDB700401C10 /* CreateAccountVC.swift */; };
		818C25E82059DDE200401C10 /* LoginView.swift in Sources */ = {isa = PBXBuildFile; fileRef = 818C25E72059DDE200401C10 /* LoginView.swift */; };
		818C25EA2059DDF700401C10 /* CreateAccountView.swift in Sources */ = {isa = PBXBuildFile; fileRef = 818C25E92059DDF700401C10 /* CreateAccountView.swift */; };
		818C25EC2059DE0500401C10 /* FeedView.swift in Sources */ = {isa = PBXBuildFile; fileRef = 818C25EB2059DE0500401C10 /* FeedView.swift */; };
		818C25EE2059DE1E00401C10 /* ProfileView.swift in Sources */ = {isa = PBXBuildFile; fileRef = 818C25ED2059DE1E00401C10 /* ProfileView.swift */; };
		818C25F02059DE3000401C10 /* UploadView.swift in Sources */ = {isa = PBXBuildFile; fileRef = 818C25EF2059DE3000401C10 /* UploadView.swift */; };
		818C25F22059DE3B00401C10 /* ARView.swift in Sources */ = {isa = PBXBuildFile; fileRef = 818C25F12059DE3B00401C10 /* ARView.swift */; };
		818C25F42059DE6300401C10 /* EditImageView.swift in Sources */ = {isa = PBXBuildFile; fileRef = 818C25F32059DE6300401C10 /* EditImageView.swift */; };
		818C25F62059DE9600401C10 /* Alerts.swift in Sources */ = {isa = PBXBuildFile; fileRef = 818C25F52059DE9600401C10 /* Alerts.swift */; };
		818C25F82059DF3100401C10 /* NetworkConnectivity.swift in Sources */ = {isa = PBXBuildFile; fileRef = 818C25F72059DF3100401C10 /* NetworkConnectivity.swift */; };
		818C25FA2059E1BD00401C10 /* AuthUserDelegate.swift in Sources */ = {isa = PBXBuildFile; fileRef = 818C25F92059E1BD00401C10 /* AuthUserDelegate.swift */; };
		818C25FF2059E21B00401C10 /* PostServiceDelegate.swift in Sources */ = {isa = PBXBuildFile; fileRef = 818C25FE2059E21B00401C10 /* PostServiceDelegate.swift */; };
		818C26012059E23D00401C10 /* UserServiceDelegate.swift in Sources */ = {isa = PBXBuildFile; fileRef = 818C26002059E23D00401C10 /* UserServiceDelegate.swift */; };
		81AF0AF5205ADF88009E0F12 /* EmptyView.swift in Sources */ = {isa = PBXBuildFile; fileRef = 81AF0AF4205ADF88009E0F12 /* EmptyView.swift */; };
		81AF0AF7205AE11D009E0F12 /* UIColor+Extension.swift in Sources */ = {isa = PBXBuildFile; fileRef = 81AF0AF6205AE11D009E0F12 /* UIColor+Extension.swift */; };
		81AF0AFB205C3E89009E0F12 /* PhotoOptionsView.swift in Sources */ = {isa = PBXBuildFile; fileRef = 81AF0AFA205C3E89009E0F12 /* PhotoOptionsView.swift */; };
		81AF0AFF205C4712009E0F12 /* EditView.swift in Sources */ = {isa = PBXBuildFile; fileRef = 81AF0AFE205C4712009E0F12 /* EditView.swift */; };
		81AF0B0120600828009E0F12 /* LaunchScreen 10-59-26-041.storyboard in Resources */ = {isa = PBXBuildFile; fileRef = 81AF0B0020600828009E0F12 /* LaunchScreen 10-59-26-041.storyboard */; };
		81AF0B03206027A8009E0F12 /* FilterView.swift in Sources */ = {isa = PBXBuildFile; fileRef = 81AF0B02206027A8009E0F12 /* FilterView.swift */; };
		81B6B958206A9F7F007D46A2 /* ForgotPasswordView.swift in Sources */ = {isa = PBXBuildFile; fileRef = 81B6B957206A9F7F007D46A2 /* ForgotPasswordView.swift */; };
		81B6B962206D64CB007D46A2 /* StockImagesCollectionViewCell.swift in Sources */ = {isa = PBXBuildFile; fileRef = 81B6B961206D64CB007D46A2 /* StockImagesCollectionViewCell.swift */; };
		81BBC9182061A071003F490B /* Tutorial.storyboard in Resources */ = {isa = PBXBuildFile; fileRef = 81BBC9172061A071003F490B /* Tutorial.storyboard */; };
		81BBC91A2061A2AD003F490B /* TutorialPageViewController.swift in Sources */ = {isa = PBXBuildFile; fileRef = 81BBC9192061A2AD003F490B /* TutorialPageViewController.swift */; };
		81BBC91C2061A406003F490B /* ImageViewController.swift in Sources */ = {isa = PBXBuildFile; fileRef = 81BBC91B2061A406003F490B /* ImageViewController.swift */; };
		81BDAD1E206046D000F7D450 /* FilterCell.swift in Sources */ = {isa = PBXBuildFile; fileRef = 81BDAD1D206046D000F7D450 /* FilterCell.swift */; };
		81BDAD202060510D00F7D450 /* FilterModel.swift in Sources */ = {isa = PBXBuildFile; fileRef = 81BDAD1F2060510D00F7D450 /* FilterModel.swift */; };
		81D17682206EC5D90049D76A /* UserDefault.swift in Sources */ = {isa = PBXBuildFile; fileRef = 81D17681206EC5D90049D76A /* UserDefault.swift */; };
		81E465E820742E58007A9FC3 /* TabBarController.swift in Sources */ = {isa = PBXBuildFile; fileRef = 81E465E720742E58007A9FC3 /* TabBarController.swift */; };
/* End PBXBuildFile section */

/* Begin PBXContainerItemProxy section */
		818C259E2059CB0500401C10 /* PBXContainerItemProxy */ = {
			isa = PBXContainerItemProxy;
			containerPortal = 818C257E2059CB0400401C10 /* Project object */;
			proxyType = 1;
			remoteGlobalIDString = 818C25852059CB0400401C10;
			remoteInfo = TestInk;
		};
		818C25A92059CB0500401C10 /* PBXContainerItemProxy */ = {
			isa = PBXContainerItemProxy;
			containerPortal = 818C257E2059CB0400401C10 /* Project object */;
			proxyType = 1;
			remoteGlobalIDString = 818C25852059CB0400401C10;
			remoteInfo = TestInk;
		};
/* End PBXContainerItemProxy section */

/* Begin PBXFileReference section */
		1F1922A04BA030D7CA8DA2B3 /* Pods-TestInk.release.xcconfig */ = {isa = PBXFileReference; includeInIndex = 1; lastKnownFileType = text.xcconfig; name = "Pods-TestInk.release.xcconfig"; path = "Pods/Target Support Files/Pods-TestInk/Pods-TestInk.release.xcconfig"; sourceTree = "<group>"; };
		3230906B186AD74741EB690C /* Pods-TestInkUITests.release.xcconfig */ = {isa = PBXFileReference; includeInIndex = 1; lastKnownFileType = text.xcconfig; name = "Pods-TestInkUITests.release.xcconfig"; path = "Pods/Target Support Files/Pods-TestInkUITests/Pods-TestInkUITests.release.xcconfig"; sourceTree = "<group>"; };
		3BB34E66547F8E9ABD0C9900 /* Pods-TestInkTests.debug.xcconfig */ = {isa = PBXFileReference; includeInIndex = 1; lastKnownFileType = text.xcconfig; name = "Pods-TestInkTests.debug.xcconfig"; path = "Pods/Target Support Files/Pods-TestInkTests/Pods-TestInkTests.debug.xcconfig"; sourceTree = "<group>"; };
		6417917C743170CA606FCDEC /* Pods_TestInkUITests.framework */ = {isa = PBXFileReference; explicitFileType = wrapper.framework; includeInIndex = 0; path = Pods_TestInkUITests.framework; sourceTree = BUILT_PRODUCTS_DIR; };
		8127EFA8205B1EA8001AAF6D /* FavoriteCell.swift */ = {isa = PBXFileReference; lastKnownFileType = sourcecode.swift; path = FavoriteCell.swift; sourceTree = "<group>"; };
		81294E40207277E800EF50B0 /* CropFilterViewController.swift */ = {isa = PBXFileReference; lastKnownFileType = sourcecode.swift; path = CropFilterViewController.swift; sourceTree = "<group>"; };
		81294E422072783A00EF50B0 /* CropFilterView.swift */ = {isa = PBXFileReference; lastKnownFileType = sourcecode.swift; path = CropFilterView.swift; sourceTree = "<group>"; };
		8138184F206AD5EC00E29DEA /* PreviewCell.swift */ = {isa = PBXFileReference; lastKnownFileType = sourcecode.swift; path = PreviewCell.swift; sourceTree = "<group>"; };
		81381851206D2C6900E29DEA /* FirebaseLikingService.swift */ = {isa = PBXFileReference; lastKnownFileType = sourcecode.swift; path = FirebaseLikingService.swift; sourceTree = "<group>"; };
		81381853206D2D7B00E29DEA /* LikeServiceDelegate.swift */ = {isa = PBXFileReference; lastKnownFileType = sourcecode.swift; path = LikeServiceDelegate.swift; sourceTree = "<group>"; };
		814F072620643D6200789C14 /* FirebaseDesignPostService.swift */ = {isa = PBXFileReference; lastKnownFileType = sourcecode.swift; path = FirebaseDesignPostService.swift; sourceTree = "<group>"; };
		814F072820643D7600789C14 /* FirebasePreviewPostService.swift */ = {isa = PBXFileReference; lastKnownFileType = sourcecode.swift; path = FirebasePreviewPostService.swift; sourceTree = "<group>"; };
		814F072A20643D9A00789C14 /* FirebaseFlaggingService.swift */ = {isa = PBXFileReference; lastKnownFileType = sourcecode.swift; path = FirebaseFlaggingService.swift; sourceTree = "<group>"; };
		814F072C20643DC900789C14 /* FlagServiceDelegate.swift */ = {isa = PBXFileReference; lastKnownFileType = sourcecode.swift; path = FlagServiceDelegate.swift; sourceTree = "<group>"; };
		814F072E20652C9900789C14 /* ImageHelper.swift */ = {isa = PBXFileReference; lastKnownFileType = sourcecode.swift; path = ImageHelper.swift; sourceTree = "<group>"; };
		814F073020652CDD00789C14 /* NetworkHelper.swift */ = {isa = PBXFileReference; lastKnownFileType = sourcecode.swift; path = NetworkHelper.swift; sourceTree = "<group>"; };
		814F0732206535AD00789C14 /* StorageServiceDelegate.swift */ = {isa = PBXFileReference; lastKnownFileType = sourcecode.swift; path = StorageServiceDelegate.swift; sourceTree = "<group>"; };
		814F073620698F3600789C14 /* FirebaseModels.swift */ = {isa = PBXFileReference; lastKnownFileType = sourcecode.swift; path = FirebaseModels.swift; sourceTree = "<group>"; };
		818C25862059CB0400401C10 /* TestInk.app */ = {isa = PBXFileReference; explicitFileType = wrapper.application; includeInIndex = 0; path = TestInk.app; sourceTree = BUILT_PRODUCTS_DIR; };
		818C25892059CB0400401C10 /* AppDelegate.swift */ = {isa = PBXFileReference; lastKnownFileType = sourcecode.swift; path = AppDelegate.swift; sourceTree = "<group>"; };
		818C25912059CB0400401C10 /* TestInk.xcdatamodel */ = {isa = PBXFileReference; lastKnownFileType = wrapper.xcdatamodel; path = TestInk.xcdatamodel; sourceTree = "<group>"; };
		818C25932059CB0400401C10 /* Assets.xcassets */ = {isa = PBXFileReference; lastKnownFileType = folder.assetcatalog; path = Assets.xcassets; sourceTree = "<group>"; };
		818C25982059CB0400401C10 /* Info.plist */ = {isa = PBXFileReference; lastKnownFileType = text.plist.xml; path = Info.plist; sourceTree = "<group>"; };
		818C259D2059CB0500401C10 /* TestInkTests.xctest */ = {isa = PBXFileReference; explicitFileType = wrapper.cfbundle; includeInIndex = 0; path = TestInkTests.xctest; sourceTree = BUILT_PRODUCTS_DIR; };
		818C25A12059CB0500401C10 /* TestInkTests.swift */ = {isa = PBXFileReference; lastKnownFileType = sourcecode.swift; path = TestInkTests.swift; sourceTree = "<group>"; };
		818C25A32059CB0500401C10 /* Info.plist */ = {isa = PBXFileReference; lastKnownFileType = text.plist.xml; path = Info.plist; sourceTree = "<group>"; };
		818C25A82059CB0500401C10 /* TestInkUITests.xctest */ = {isa = PBXFileReference; explicitFileType = wrapper.cfbundle; includeInIndex = 0; path = TestInkUITests.xctest; sourceTree = BUILT_PRODUCTS_DIR; };
		818C25AC2059CB0500401C10 /* TestInkUITests.swift */ = {isa = PBXFileReference; lastKnownFileType = sourcecode.swift; path = TestInkUITests.swift; sourceTree = "<group>"; };
		818C25AE2059CB0500401C10 /* Info.plist */ = {isa = PBXFileReference; lastKnownFileType = text.plist.xml; path = Info.plist; sourceTree = "<group>"; };
		818C25BA2059D25000401C10 /* GoogleService-Info.plist */ = {isa = PBXFileReference; fileEncoding = 4; lastKnownFileType = text.plist.xml; path = "GoogleService-Info.plist"; sourceTree = "<group>"; };
		818C25C32059DB3400401C10 /* FeedCell.swift */ = {isa = PBXFileReference; lastKnownFileType = sourcecode.swift; path = FeedCell.swift; sourceTree = "<group>"; };
		818C25C92059DBAB00401C10 /* Stylesheet.swift */ = {isa = PBXFileReference; lastKnownFileType = sourcecode.swift; path = Stylesheet.swift; sourceTree = "<group>"; };
		818C25CB2059DBC300401C10 /* AuthUserService.swift */ = {isa = PBXFileReference; lastKnownFileType = sourcecode.swift; path = AuthUserService.swift; sourceTree = "<group>"; };
		818C25D32059DC7E00401C10 /* FirebaseStorageService.swift */ = {isa = PBXFileReference; lastKnownFileType = sourcecode.swift; path = FirebaseStorageService.swift; sourceTree = "<group>"; };
		818C25D72059DCE800401C10 /* FirebaseUserService.swift */ = {isa = PBXFileReference; lastKnownFileType = sourcecode.swift; path = FirebaseUserService.swift; sourceTree = "<group>"; };
		818C25D92059DD1700401C10 /* LoginVC.swift */ = {isa = PBXFileReference; lastKnownFileType = sourcecode.swift; path = LoginVC.swift; sourceTree = "<group>"; };
		818C25DB2059DD3600401C10 /* EditImageVC.swift */ = {isa = PBXFileReference; lastKnownFileType = sourcecode.swift; path = EditImageVC.swift; sourceTree = "<group>"; };
		818C25DD2059DD4B00401C10 /* ARVC.swift */ = {isa = PBXFileReference; lastKnownFileType = sourcecode.swift; path = ARVC.swift; sourceTree = "<group>"; };
		818C25DF2059DD5E00401C10 /* UploadVC.swift */ = {isa = PBXFileReference; lastKnownFileType = sourcecode.swift; path = UploadVC.swift; sourceTree = "<group>"; };
		818C25E12059DD7200401C10 /* ProfileVC.swift */ = {isa = PBXFileReference; lastKnownFileType = sourcecode.swift; path = ProfileVC.swift; sourceTree = "<group>"; };
		818C25E32059DD8A00401C10 /* FeedVC.swift */ = {isa = PBXFileReference; lastKnownFileType = sourcecode.swift; path = FeedVC.swift; sourceTree = "<group>"; };
		818C25E52059DDB700401C10 /* CreateAccountVC.swift */ = {isa = PBXFileReference; lastKnownFileType = sourcecode.swift; path = CreateAccountVC.swift; sourceTree = "<group>"; };
		818C25E72059DDE200401C10 /* LoginView.swift */ = {isa = PBXFileReference; lastKnownFileType = sourcecode.swift; path = LoginView.swift; sourceTree = "<group>"; };
		818C25E92059DDF700401C10 /* CreateAccountView.swift */ = {isa = PBXFileReference; lastKnownFileType = sourcecode.swift; path = CreateAccountView.swift; sourceTree = "<group>"; };
		818C25EB2059DE0500401C10 /* FeedView.swift */ = {isa = PBXFileReference; lastKnownFileType = sourcecode.swift; path = FeedView.swift; sourceTree = "<group>"; };
		818C25ED2059DE1E00401C10 /* ProfileView.swift */ = {isa = PBXFileReference; lastKnownFileType = sourcecode.swift; path = ProfileView.swift; sourceTree = "<group>"; };
		818C25EF2059DE3000401C10 /* UploadView.swift */ = {isa = PBXFileReference; lastKnownFileType = sourcecode.swift; path = UploadView.swift; sourceTree = "<group>"; };
		818C25F12059DE3B00401C10 /* ARView.swift */ = {isa = PBXFileReference; lastKnownFileType = sourcecode.swift; path = ARView.swift; sourceTree = "<group>"; };
		818C25F32059DE6300401C10 /* EditImageView.swift */ = {isa = PBXFileReference; lastKnownFileType = sourcecode.swift; path = EditImageView.swift; sourceTree = "<group>"; };
		818C25F52059DE9600401C10 /* Alerts.swift */ = {isa = PBXFileReference; lastKnownFileType = sourcecode.swift; path = Alerts.swift; sourceTree = "<group>"; };
		818C25F72059DF3100401C10 /* NetworkConnectivity.swift */ = {isa = PBXFileReference; lastKnownFileType = sourcecode.swift; path = NetworkConnectivity.swift; sourceTree = "<group>"; };
		818C25F92059E1BD00401C10 /* AuthUserDelegate.swift */ = {isa = PBXFileReference; lastKnownFileType = sourcecode.swift; path = AuthUserDelegate.swift; sourceTree = "<group>"; };
		818C25FE2059E21B00401C10 /* PostServiceDelegate.swift */ = {isa = PBXFileReference; lastKnownFileType = sourcecode.swift; path = PostServiceDelegate.swift; sourceTree = "<group>"; };
		818C26002059E23D00401C10 /* UserServiceDelegate.swift */ = {isa = PBXFileReference; lastKnownFileType = sourcecode.swift; path = UserServiceDelegate.swift; sourceTree = "<group>"; };
		81AF0AF4205ADF88009E0F12 /* EmptyView.swift */ = {isa = PBXFileReference; lastKnownFileType = sourcecode.swift; path = EmptyView.swift; sourceTree = "<group>"; };
		81AF0AF6205AE11D009E0F12 /* UIColor+Extension.swift */ = {isa = PBXFileReference; lastKnownFileType = sourcecode.swift; path = "UIColor+Extension.swift"; sourceTree = "<group>"; };
		81AF0AFA205C3E89009E0F12 /* PhotoOptionsView.swift */ = {isa = PBXFileReference; lastKnownFileType = sourcecode.swift; path = PhotoOptionsView.swift; sourceTree = "<group>"; };
		81AF0AFE205C4712009E0F12 /* EditView.swift */ = {isa = PBXFileReference; lastKnownFileType = sourcecode.swift; path = EditView.swift; sourceTree = "<group>"; };
		81AF0B0020600828009E0F12 /* LaunchScreen 10-59-26-041.storyboard */ = {isa = PBXFileReference; fileEncoding = 4; lastKnownFileType = file.storyboard; path = "LaunchScreen 10-59-26-041.storyboard"; sourceTree = "<group>"; };
		81AF0B02206027A8009E0F12 /* FilterView.swift */ = {isa = PBXFileReference; lastKnownFileType = sourcecode.swift; path = FilterView.swift; sourceTree = "<group>"; };
		81B6B957206A9F7F007D46A2 /* ForgotPasswordView.swift */ = {isa = PBXFileReference; fileEncoding = 4; lastKnownFileType = sourcecode.swift; path = ForgotPasswordView.swift; sourceTree = "<group>"; };
		81B6B961206D64CB007D46A2 /* StockImagesCollectionViewCell.swift */ = {isa = PBXFileReference; lastKnownFileType = sourcecode.swift; path = StockImagesCollectionViewCell.swift; sourceTree = "<group>"; };
		81BBC9172061A071003F490B /* Tutorial.storyboard */ = {isa = PBXFileReference; lastKnownFileType = file.storyboard; path = Tutorial.storyboard; sourceTree = "<group>"; };
		81BBC9192061A2AD003F490B /* TutorialPageViewController.swift */ = {isa = PBXFileReference; lastKnownFileType = sourcecode.swift; path = TutorialPageViewController.swift; sourceTree = "<group>"; };
		81BBC91B2061A406003F490B /* ImageViewController.swift */ = {isa = PBXFileReference; lastKnownFileType = sourcecode.swift; path = ImageViewController.swift; sourceTree = "<group>"; };
		81BDAD1D206046D000F7D450 /* FilterCell.swift */ = {isa = PBXFileReference; lastKnownFileType = sourcecode.swift; path = FilterCell.swift; sourceTree = "<group>"; };
		81BDAD1F2060510D00F7D450 /* FilterModel.swift */ = {isa = PBXFileReference; lastKnownFileType = sourcecode.swift; path = FilterModel.swift; sourceTree = "<group>"; };
		81D17681206EC5D90049D76A /* UserDefault.swift */ = {isa = PBXFileReference; lastKnownFileType = sourcecode.swift; path = UserDefault.swift; sourceTree = "<group>"; };
		81E465E720742E58007A9FC3 /* TabBarController.swift */ = {isa = PBXFileReference; lastKnownFileType = sourcecode.swift; path = TabBarController.swift; sourceTree = "<group>"; };
		8711C29D4D31533542BE6F63 /* Pods-TestInkUITests.debug.xcconfig */ = {isa = PBXFileReference; includeInIndex = 1; lastKnownFileType = text.xcconfig; name = "Pods-TestInkUITests.debug.xcconfig"; path = "Pods/Target Support Files/Pods-TestInkUITests/Pods-TestInkUITests.debug.xcconfig"; sourceTree = "<group>"; };
		BFDF863F3845F9651D8E094C /* Pods-TestInk.debug.xcconfig */ = {isa = PBXFileReference; includeInIndex = 1; lastKnownFileType = text.xcconfig; name = "Pods-TestInk.debug.xcconfig"; path = "Pods/Target Support Files/Pods-TestInk/Pods-TestInk.debug.xcconfig"; sourceTree = "<group>"; };
		C1D766212326535D36FF19E7 /* Pods_TestInk.framework */ = {isa = PBXFileReference; explicitFileType = wrapper.framework; includeInIndex = 0; path = Pods_TestInk.framework; sourceTree = BUILT_PRODUCTS_DIR; };
		C8A11AACD981822A46FC1AF5 /* Pods_TestInkTests.framework */ = {isa = PBXFileReference; explicitFileType = wrapper.framework; includeInIndex = 0; path = Pods_TestInkTests.framework; sourceTree = BUILT_PRODUCTS_DIR; };
		D5F1BA45EE11FAE6193162A1 /* Pods-TestInkTests.release.xcconfig */ = {isa = PBXFileReference; includeInIndex = 1; lastKnownFileType = text.xcconfig; name = "Pods-TestInkTests.release.xcconfig"; path = "Pods/Target Support Files/Pods-TestInkTests/Pods-TestInkTests.release.xcconfig"; sourceTree = "<group>"; };
/* End PBXFileReference section */

/* Begin PBXFrameworksBuildPhase section */
		818C25832059CB0400401C10 /* Frameworks */ = {
			isa = PBXFrameworksBuildPhase;
			buildActionMask = 2147483647;
			files = (
				09BA38D8AFBB3F1716CF7A0B /* Pods_TestInk.framework in Frameworks */,
			);
			runOnlyForDeploymentPostprocessing = 0;
		};
		818C259A2059CB0500401C10 /* Frameworks */ = {
			isa = PBXFrameworksBuildPhase;
			buildActionMask = 2147483647;
			files = (
				54477DCC434351742E324AA2 /* Pods_TestInkTests.framework in Frameworks */,
			);
			runOnlyForDeploymentPostprocessing = 0;
		};
		818C25A52059CB0500401C10 /* Frameworks */ = {
			isa = PBXFrameworksBuildPhase;
			buildActionMask = 2147483647;
			files = (
				29AB680844A9E9DE12584F34 /* Pods_TestInkUITests.framework in Frameworks */,
			);
			runOnlyForDeploymentPostprocessing = 0;
		};
/* End PBXFrameworksBuildPhase section */

/* Begin PBXGroup section */
		337E00724129B3BE365579A5 /* Frameworks */ = {
			isa = PBXGroup;
			children = (
				C1D766212326535D36FF19E7 /* Pods_TestInk.framework */,
				C8A11AACD981822A46FC1AF5 /* Pods_TestInkTests.framework */,
				6417917C743170CA606FCDEC /* Pods_TestInkUITests.framework */,
			);
			name = Frameworks;
			sourceTree = "<group>";
		};
		818C257D2059CB0400401C10 = {
			isa = PBXGroup;
			children = (
				818C25882059CB0400401C10 /* TestInk */,
				818C25A02059CB0500401C10 /* TestInkTests */,
				818C25AB2059CB0500401C10 /* TestInkUITests */,
				818C25872059CB0400401C10 /* Products */,
				AC2F59598B6B445534256F46 /* Pods */,
				337E00724129B3BE365579A5 /* Frameworks */,
			);
			sourceTree = "<group>";
		};
		818C25872059CB0400401C10 /* Products */ = {
			isa = PBXGroup;
			children = (
				818C25862059CB0400401C10 /* TestInk.app */,
				818C259D2059CB0500401C10 /* TestInkTests.xctest */,
				818C25A82059CB0500401C10 /* TestInkUITests.xctest */,
			);
			name = Products;
			sourceTree = "<group>";
		};
		818C25882059CB0400401C10 /* TestInk */ = {
			isa = PBXGroup;
			children = (
				81BBC9162061A055003F490B /* Storyboards */,
				818C25892059CB0400401C10 /* AppDelegate.swift */,
				818C25BE2059D5A300401C10 /* Service */,
				818C25C22059D5D200401C10 /* Models */,
				818C25BF2059D5A900401C10 /* Views */,
				818C25C02059D5AF00401C10 /* ViewControllers */,
				818C25C12059D5B600401C10 /* CustomCells */,
				818C25932059CB0400401C10 /* Assets.xcassets */,
				81AF0B0020600828009E0F12 /* LaunchScreen 10-59-26-041.storyboard */,
				818C25982059CB0400401C10 /* Info.plist */,
				818C25BA2059D25000401C10 /* GoogleService-Info.plist */,
				818C25902059CB0400401C10 /* TestInk.xcdatamodeld */,
			);
			path = TestInk;
			sourceTree = "<group>";
		};
		818C25A02059CB0500401C10 /* TestInkTests */ = {
			isa = PBXGroup;
			children = (
				818C25A12059CB0500401C10 /* TestInkTests.swift */,
				818C25A32059CB0500401C10 /* Info.plist */,
			);
			path = TestInkTests;
			sourceTree = "<group>";
		};
		818C25AB2059CB0500401C10 /* TestInkUITests */ = {
			isa = PBXGroup;
			children = (
				818C25AC2059CB0500401C10 /* TestInkUITests.swift */,
				818C25AE2059CB0500401C10 /* Info.plist */,
			);
			path = TestInkUITests;
			sourceTree = "<group>";
		};
		818C25BE2059D5A300401C10 /* Service */ = {
			isa = PBXGroup;
			children = (
				818C25CB2059DBC300401C10 /* AuthUserService.swift */,
				818C25CD2059DBC600401C10 /* Database */,
				818C25CE2059DBDB00401C10 /* Storage */,
				818C25FD2059E1EE00401C10 /* Delegates */,
			);
			path = Service;
			sourceTree = "<group>";
		};
		818C25BF2059D5A900401C10 /* Views */ = {
			isa = PBXGroup;
			children = (
				818C25E72059DDE200401C10 /* LoginView.swift */,
				818C25E92059DDF700401C10 /* CreateAccountView.swift */,
				81B6B957206A9F7F007D46A2 /* ForgotPasswordView.swift */,
				818C25EB2059DE0500401C10 /* FeedView.swift */,
				818C25ED2059DE1E00401C10 /* ProfileView.swift */,
				818C25EF2059DE3000401C10 /* UploadView.swift */,
				818C25F12059DE3B00401C10 /* ARView.swift */,
				818C25F32059DE6300401C10 /* EditImageView.swift */,
				81AF0AFA205C3E89009E0F12 /* PhotoOptionsView.swift */,
				81AF0AFE205C4712009E0F12 /* EditView.swift */,
				81AF0B02206027A8009E0F12 /* FilterView.swift */,
				81AF0AF4205ADF88009E0F12 /* EmptyView.swift */,
				81294E422072783A00EF50B0 /* CropFilterView.swift */,
			);
			path = Views;
			sourceTree = "<group>";
		};
		818C25C02059D5AF00401C10 /* ViewControllers */ = {
			isa = PBXGroup;
			children = (
				818C25D92059DD1700401C10 /* LoginVC.swift */,
				818C25E52059DDB700401C10 /* CreateAccountVC.swift */,
				818C25E32059DD8A00401C10 /* FeedVC.swift */,
				818C25E12059DD7200401C10 /* ProfileVC.swift */,
				818C25DF2059DD5E00401C10 /* UploadVC.swift */,
				818C25DD2059DD4B00401C10 /* ARVC.swift */,
				818C25DB2059DD3600401C10 /* EditImageVC.swift */,
				81BBC9192061A2AD003F490B /* TutorialPageViewController.swift */,
				81BBC91B2061A406003F490B /* ImageViewController.swift */,
				81294E40207277E800EF50B0 /* CropFilterViewController.swift */,
				81E465E720742E58007A9FC3 /* TabBarController.swift */,
			);
			path = ViewControllers;
			sourceTree = "<group>";
		};
		818C25C12059D5B600401C10 /* CustomCells */ = {
			isa = PBXGroup;
			children = (
				818C25C32059DB3400401C10 /* FeedCell.swift */,
				8138184F206AD5EC00E29DEA /* PreviewCell.swift */,
				8127EFA8205B1EA8001AAF6D /* FavoriteCell.swift */,
				81BDAD1D206046D000F7D450 /* FilterCell.swift */,
				81B6B961206D64CB007D46A2 /* StockImagesCollectionViewCell.swift */,
			);
			path = CustomCells;
			sourceTree = "<group>";
		};
		818C25C22059D5D200401C10 /* Models */ = {
			isa = PBXGroup;
			children = (
				814F073620698F3600789C14 /* FirebaseModels.swift */,
				818C25C92059DBAB00401C10 /* Stylesheet.swift */,
				818C25F52059DE9600401C10 /* Alerts.swift */,
				818C25F72059DF3100401C10 /* NetworkConnectivity.swift */,
				81AF0AF6205AE11D009E0F12 /* UIColor+Extension.swift */,
				81BDAD1F2060510D00F7D450 /* FilterModel.swift */,
				814F072E20652C9900789C14 /* ImageHelper.swift */,
				814F073020652CDD00789C14 /* NetworkHelper.swift */,
				81D17681206EC5D90049D76A /* UserDefault.swift */,
			);
			path = Models;
			sourceTree = "<group>";
		};
		818C25CD2059DBC600401C10 /* Database */ = {
			isa = PBXGroup;
			children = (
				818C25D72059DCE800401C10 /* FirebaseUserService.swift */,
				814F072620643D6200789C14 /* FirebaseDesignPostService.swift */,
				814F072820643D7600789C14 /* FirebasePreviewPostService.swift */,
				814F072A20643D9A00789C14 /* FirebaseFlaggingService.swift */,
				81381851206D2C6900E29DEA /* FirebaseLikingService.swift */,
			);
			path = Database;
			sourceTree = "<group>";
		};
		818C25CE2059DBDB00401C10 /* Storage */ = {
			isa = PBXGroup;
			children = (
				818C25D32059DC7E00401C10 /* FirebaseStorageService.swift */,
			);
			path = Storage;
			sourceTree = "<group>";
		};
		818C25FD2059E1EE00401C10 /* Delegates */ = {
			isa = PBXGroup;
			children = (
				818C25F92059E1BD00401C10 /* AuthUserDelegate.swift */,
				818C26002059E23D00401C10 /* UserServiceDelegate.swift */,
				818C25FE2059E21B00401C10 /* PostServiceDelegate.swift */,
				814F072C20643DC900789C14 /* FlagServiceDelegate.swift */,
				814F0732206535AD00789C14 /* StorageServiceDelegate.swift */,
				81381853206D2D7B00E29DEA /* LikeServiceDelegate.swift */,
			);
			path = Delegates;
			sourceTree = "<group>";
		};
		81BBC9162061A055003F490B /* Storyboards */ = {
			isa = PBXGroup;
			children = (
				81BBC9172061A071003F490B /* Tutorial.storyboard */,
			);
			path = Storyboards;
			sourceTree = "<group>";
		};
		AC2F59598B6B445534256F46 /* Pods */ = {
			isa = PBXGroup;
			children = (
				BFDF863F3845F9651D8E094C /* Pods-TestInk.debug.xcconfig */,
				1F1922A04BA030D7CA8DA2B3 /* Pods-TestInk.release.xcconfig */,
				3BB34E66547F8E9ABD0C9900 /* Pods-TestInkTests.debug.xcconfig */,
				D5F1BA45EE11FAE6193162A1 /* Pods-TestInkTests.release.xcconfig */,
				8711C29D4D31533542BE6F63 /* Pods-TestInkUITests.debug.xcconfig */,
				3230906B186AD74741EB690C /* Pods-TestInkUITests.release.xcconfig */,
			);
			name = Pods;
			sourceTree = "<group>";
		};
/* End PBXGroup section */

/* Begin PBXNativeTarget section */
		818C25852059CB0400401C10 /* TestInk */ = {
			isa = PBXNativeTarget;
			buildConfigurationList = 818C25B12059CB0500401C10 /* Build configuration list for PBXNativeTarget "TestInk" */;
			buildPhases = (
				1B3B6F40BECC250383F0DCE9 /* [CP] Check Pods Manifest.lock */,
				818C25822059CB0400401C10 /* Sources */,
				818C25832059CB0400401C10 /* Frameworks */,
				818C25842059CB0400401C10 /* Resources */,
				C19493426CEF18EDA15133A2 /* [CP] Embed Pods Frameworks */,
				0A62DC8164025039CAD0635D /* [CP] Copy Pods Resources */,
			);
			buildRules = (
			);
			dependencies = (
			);
			name = TestInk;
			productName = TestInk;
			productReference = 818C25862059CB0400401C10 /* TestInk.app */;
			productType = "com.apple.product-type.application";
		};
		818C259C2059CB0500401C10 /* TestInkTests */ = {
			isa = PBXNativeTarget;
			buildConfigurationList = 818C25B42059CB0500401C10 /* Build configuration list for PBXNativeTarget "TestInkTests" */;
			buildPhases = (
				256F5DB1C189D8B7AF5657FF /* [CP] Check Pods Manifest.lock */,
				818C25992059CB0500401C10 /* Sources */,
				818C259A2059CB0500401C10 /* Frameworks */,
				818C259B2059CB0500401C10 /* Resources */,
				C4073AA4576350A905D665CA /* [CP] Embed Pods Frameworks */,
				DBEEAABB7692479130C77E7D /* [CP] Copy Pods Resources */,
			);
			buildRules = (
			);
			dependencies = (
				818C259F2059CB0500401C10 /* PBXTargetDependency */,
			);
			name = TestInkTests;
			productName = TestInkTests;
			productReference = 818C259D2059CB0500401C10 /* TestInkTests.xctest */;
			productType = "com.apple.product-type.bundle.unit-test";
		};
		818C25A72059CB0500401C10 /* TestInkUITests */ = {
			isa = PBXNativeTarget;
			buildConfigurationList = 818C25B72059CB0500401C10 /* Build configuration list for PBXNativeTarget "TestInkUITests" */;
			buildPhases = (
				827560505F9A0FC7BCF12E38 /* [CP] Check Pods Manifest.lock */,
				818C25A42059CB0500401C10 /* Sources */,
				818C25A52059CB0500401C10 /* Frameworks */,
				818C25A62059CB0500401C10 /* Resources */,
				69105AF02858C7EF408AF1AA /* [CP] Embed Pods Frameworks */,
				4CA4E151C9C1E3DBB35C6874 /* [CP] Copy Pods Resources */,
			);
			buildRules = (
			);
			dependencies = (
				818C25AA2059CB0500401C10 /* PBXTargetDependency */,
			);
			name = TestInkUITests;
			productName = TestInkUITests;
			productReference = 818C25A82059CB0500401C10 /* TestInkUITests.xctest */;
			productType = "com.apple.product-type.bundle.ui-testing";
		};
/* End PBXNativeTarget section */

/* Begin PBXProject section */
		818C257E2059CB0400401C10 /* Project object */ = {
			isa = PBXProject;
			attributes = {
				LastSwiftUpdateCheck = 0920;
				LastUpgradeCheck = 0920;
				ORGANIZATIONNAME = C4Q;
				TargetAttributes = {
					818C25852059CB0400401C10 = {
						CreatedOnToolsVersion = 9.2;
						ProvisioningStyle = Automatic;
					};
					818C259C2059CB0500401C10 = {
						CreatedOnToolsVersion = 9.2;
						ProvisioningStyle = Automatic;
						TestTargetID = 818C25852059CB0400401C10;
					};
					818C25A72059CB0500401C10 = {
						CreatedOnToolsVersion = 9.2;
						ProvisioningStyle = Automatic;
						TestTargetID = 818C25852059CB0400401C10;
					};
				};
			};
			buildConfigurationList = 818C25812059CB0400401C10 /* Build configuration list for PBXProject "TestInk" */;
			compatibilityVersion = "Xcode 8.0";
			developmentRegion = en;
			hasScannedForEncodings = 0;
			knownRegions = (
				en,
				Base,
			);
			mainGroup = 818C257D2059CB0400401C10;
			productRefGroup = 818C25872059CB0400401C10 /* Products */;
			projectDirPath = "";
			projectRoot = "";
			targets = (
				818C25852059CB0400401C10 /* TestInk */,
				818C259C2059CB0500401C10 /* TestInkTests */,
				818C25A72059CB0500401C10 /* TestInkUITests */,
			);
		};
/* End PBXProject section */

/* Begin PBXResourcesBuildPhase section */
		818C25842059CB0400401C10 /* Resources */ = {
			isa = PBXResourcesBuildPhase;
			buildActionMask = 2147483647;
			files = (
				818C25942059CB0400401C10 /* Assets.xcassets in Resources */,
				818C25BB2059D25000401C10 /* GoogleService-Info.plist in Resources */,
				81BBC9182061A071003F490B /* Tutorial.storyboard in Resources */,
				81AF0B0120600828009E0F12 /* LaunchScreen 10-59-26-041.storyboard in Resources */,
			);
			runOnlyForDeploymentPostprocessing = 0;
		};
		818C259B2059CB0500401C10 /* Resources */ = {
			isa = PBXResourcesBuildPhase;
			buildActionMask = 2147483647;
			files = (
				818C25BC2059D25000401C10 /* GoogleService-Info.plist in Resources */,
			);
			runOnlyForDeploymentPostprocessing = 0;
		};
		818C25A62059CB0500401C10 /* Resources */ = {
			isa = PBXResourcesBuildPhase;
			buildActionMask = 2147483647;
			files = (
				818C25BD2059D25000401C10 /* GoogleService-Info.plist in Resources */,
			);
			runOnlyForDeploymentPostprocessing = 0;
		};
/* End PBXResourcesBuildPhase section */

/* Begin PBXShellScriptBuildPhase section */
		0A62DC8164025039CAD0635D /* [CP] Copy Pods Resources */ = {
			isa = PBXShellScriptBuildPhase;
			buildActionMask = 2147483647;
			files = (
			);
			inputPaths = (
			);
			name = "[CP] Copy Pods Resources";
			outputPaths = (
			);
			runOnlyForDeploymentPostprocessing = 0;
			shellPath = /bin/sh;
			shellScript = "\"${SRCROOT}/Pods/Target Support Files/Pods-TestInk/Pods-TestInk-resources.sh\"\n";
			showEnvVarsInLog = 0;
		};
		1B3B6F40BECC250383F0DCE9 /* [CP] Check Pods Manifest.lock */ = {
			isa = PBXShellScriptBuildPhase;
			buildActionMask = 2147483647;
			files = (
			);
			inputPaths = (
				"${PODS_PODFILE_DIR_PATH}/Podfile.lock",
				"${PODS_ROOT}/Manifest.lock",
			);
			name = "[CP] Check Pods Manifest.lock";
			outputPaths = (
				"$(DERIVED_FILE_DIR)/Pods-TestInk-checkManifestLockResult.txt",
			);
			runOnlyForDeploymentPostprocessing = 0;
			shellPath = /bin/sh;
			shellScript = "diff \"${PODS_PODFILE_DIR_PATH}/Podfile.lock\" \"${PODS_ROOT}/Manifest.lock\" > /dev/null\nif [ $? != 0 ] ; then\n    # print error to STDERR\n    echo \"error: The sandbox is not in sync with the Podfile.lock. Run 'pod install' or update your CocoaPods installation.\" >&2\n    exit 1\nfi\n# This output is used by Xcode 'outputs' to avoid re-running this script phase.\necho \"SUCCESS\" > \"${SCRIPT_OUTPUT_FILE_0}\"\n";
			showEnvVarsInLog = 0;
		};
		256F5DB1C189D8B7AF5657FF /* [CP] Check Pods Manifest.lock */ = {
			isa = PBXShellScriptBuildPhase;
			buildActionMask = 2147483647;
			files = (
			);
			inputPaths = (
				"${PODS_PODFILE_DIR_PATH}/Podfile.lock",
				"${PODS_ROOT}/Manifest.lock",
			);
			name = "[CP] Check Pods Manifest.lock";
			outputPaths = (
				"$(DERIVED_FILE_DIR)/Pods-TestInkTests-checkManifestLockResult.txt",
			);
			runOnlyForDeploymentPostprocessing = 0;
			shellPath = /bin/sh;
			shellScript = "diff \"${PODS_PODFILE_DIR_PATH}/Podfile.lock\" \"${PODS_ROOT}/Manifest.lock\" > /dev/null\nif [ $? != 0 ] ; then\n    # print error to STDERR\n    echo \"error: The sandbox is not in sync with the Podfile.lock. Run 'pod install' or update your CocoaPods installation.\" >&2\n    exit 1\nfi\n# This output is used by Xcode 'outputs' to avoid re-running this script phase.\necho \"SUCCESS\" > \"${SCRIPT_OUTPUT_FILE_0}\"\n";
			showEnvVarsInLog = 0;
		};
		4CA4E151C9C1E3DBB35C6874 /* [CP] Copy Pods Resources */ = {
			isa = PBXShellScriptBuildPhase;
			buildActionMask = 2147483647;
			files = (
			);
			inputPaths = (
			);
			name = "[CP] Copy Pods Resources";
			outputPaths = (
			);
			runOnlyForDeploymentPostprocessing = 0;
			shellPath = /bin/sh;
			shellScript = "\"${SRCROOT}/Pods/Target Support Files/Pods-TestInkUITests/Pods-TestInkUITests-resources.sh\"\n";
			showEnvVarsInLog = 0;
		};
		69105AF02858C7EF408AF1AA /* [CP] Embed Pods Frameworks */ = {
			isa = PBXShellScriptBuildPhase;
			buildActionMask = 2147483647;
			files = (
			);
			inputPaths = (
			);
			name = "[CP] Embed Pods Frameworks";
			outputPaths = (
			);
			runOnlyForDeploymentPostprocessing = 0;
			shellPath = /bin/sh;
			shellScript = "\"${SRCROOT}/Pods/Target Support Files/Pods-TestInkUITests/Pods-TestInkUITests-frameworks.sh\"\n";
			showEnvVarsInLog = 0;
		};
		827560505F9A0FC7BCF12E38 /* [CP] Check Pods Manifest.lock */ = {
			isa = PBXShellScriptBuildPhase;
			buildActionMask = 2147483647;
			files = (
			);
			inputPaths = (
				"${PODS_PODFILE_DIR_PATH}/Podfile.lock",
				"${PODS_ROOT}/Manifest.lock",
			);
			name = "[CP] Check Pods Manifest.lock";
			outputPaths = (
				"$(DERIVED_FILE_DIR)/Pods-TestInkUITests-checkManifestLockResult.txt",
			);
			runOnlyForDeploymentPostprocessing = 0;
			shellPath = /bin/sh;
			shellScript = "diff \"${PODS_PODFILE_DIR_PATH}/Podfile.lock\" \"${PODS_ROOT}/Manifest.lock\" > /dev/null\nif [ $? != 0 ] ; then\n    # print error to STDERR\n    echo \"error: The sandbox is not in sync with the Podfile.lock. Run 'pod install' or update your CocoaPods installation.\" >&2\n    exit 1\nfi\n# This output is used by Xcode 'outputs' to avoid re-running this script phase.\necho \"SUCCESS\" > \"${SCRIPT_OUTPUT_FILE_0}\"\n";
			showEnvVarsInLog = 0;
		};
		C19493426CEF18EDA15133A2 /* [CP] Embed Pods Frameworks */ = {
			isa = PBXShellScriptBuildPhase;
			buildActionMask = 2147483647;
			files = (
			);
			inputPaths = (
				"${SRCROOT}/Pods/Target Support Files/Pods-TestInk/Pods-TestInk-frameworks.sh",
				"${BUILT_PRODUCTS_DIR}/GTMSessionFetcher/GTMSessionFetcher.framework",
				"${BUILT_PRODUCTS_DIR}/GoogleToolboxForMac/GoogleToolboxForMac.framework",
				"${BUILT_PRODUCTS_DIR}/SnapKit/SnapKit.framework",
				"${BUILT_PRODUCTS_DIR}/Toucan/Toucan.framework",
				"${BUILT_PRODUCTS_DIR}/leveldb-library/leveldb.framework",
				"${BUILT_PRODUCTS_DIR}/nanopb/nanopb.framework",
			);
			name = "[CP] Embed Pods Frameworks";
			outputPaths = (
				"${TARGET_BUILD_DIR}/${FRAMEWORKS_FOLDER_PATH}/GTMSessionFetcher.framework",
				"${TARGET_BUILD_DIR}/${FRAMEWORKS_FOLDER_PATH}/GoogleToolboxForMac.framework",
				"${TARGET_BUILD_DIR}/${FRAMEWORKS_FOLDER_PATH}/SnapKit.framework",
				"${TARGET_BUILD_DIR}/${FRAMEWORKS_FOLDER_PATH}/Toucan.framework",
				"${TARGET_BUILD_DIR}/${FRAMEWORKS_FOLDER_PATH}/leveldb.framework",
				"${TARGET_BUILD_DIR}/${FRAMEWORKS_FOLDER_PATH}/nanopb.framework",
			);
			runOnlyForDeploymentPostprocessing = 0;
			shellPath = /bin/sh;
			shellScript = "\"${SRCROOT}/Pods/Target Support Files/Pods-TestInk/Pods-TestInk-frameworks.sh\"\n";
			showEnvVarsInLog = 0;
		};
		C4073AA4576350A905D665CA /* [CP] Embed Pods Frameworks */ = {
			isa = PBXShellScriptBuildPhase;
			buildActionMask = 2147483647;
			files = (
			);
			inputPaths = (
				"${SRCROOT}/Pods/Target Support Files/Pods-TestInkTests/Pods-TestInkTests-frameworks.sh",
				"${BUILT_PRODUCTS_DIR}/GTMSessionFetcher/GTMSessionFetcher.framework",
				"${BUILT_PRODUCTS_DIR}/GoogleToolboxForMac/GoogleToolboxForMac.framework",
				"${BUILT_PRODUCTS_DIR}/leveldb-library/leveldb.framework",
				"${BUILT_PRODUCTS_DIR}/nanopb/nanopb.framework",
			);
			name = "[CP] Embed Pods Frameworks";
			outputPaths = (
				"${TARGET_BUILD_DIR}/${FRAMEWORKS_FOLDER_PATH}/GTMSessionFetcher.framework",
				"${TARGET_BUILD_DIR}/${FRAMEWORKS_FOLDER_PATH}/GoogleToolboxForMac.framework",
				"${TARGET_BUILD_DIR}/${FRAMEWORKS_FOLDER_PATH}/leveldb.framework",
				"${TARGET_BUILD_DIR}/${FRAMEWORKS_FOLDER_PATH}/nanopb.framework",
			);
			runOnlyForDeploymentPostprocessing = 0;
			shellPath = /bin/sh;
			shellScript = "\"${SRCROOT}/Pods/Target Support Files/Pods-TestInkTests/Pods-TestInkTests-frameworks.sh\"\n";
			showEnvVarsInLog = 0;
		};
		DBEEAABB7692479130C77E7D /* [CP] Copy Pods Resources */ = {
			isa = PBXShellScriptBuildPhase;
			buildActionMask = 2147483647;
			files = (
			);
			inputPaths = (
			);
			name = "[CP] Copy Pods Resources";
			outputPaths = (
			);
			runOnlyForDeploymentPostprocessing = 0;
			shellPath = /bin/sh;
			shellScript = "\"${SRCROOT}/Pods/Target Support Files/Pods-TestInkTests/Pods-TestInkTests-resources.sh\"\n";
			showEnvVarsInLog = 0;
		};
/* End PBXShellScriptBuildPhase section */

/* Begin PBXSourcesBuildPhase section */
		818C25822059CB0400401C10 /* Sources */ = {
			isa = PBXSourcesBuildPhase;
			buildActionMask = 2147483647;
			files = (
				814F073120652CDD00789C14 /* NetworkHelper.swift in Sources */,
				81AF0AFB205C3E89009E0F12 /* PhotoOptionsView.swift in Sources */,
				818C25D82059DCE800401C10 /* FirebaseUserService.swift in Sources */,
				81E465E820742E58007A9FC3 /* TabBarController.swift in Sources */,
				818C25DE2059DD4B00401C10 /* ARVC.swift in Sources */,
				81381850206AD5EC00E29DEA /* PreviewCell.swift in Sources */,
				81BDAD202060510D00F7D450 /* FilterModel.swift in Sources */,
				81B6B962206D64CB007D46A2 /* StockImagesCollectionViewCell.swift in Sources */,
				818C25E22059DD7200401C10 /* ProfileVC.swift in Sources */,
				818C25DC2059DD3600401C10 /* EditImageVC.swift in Sources */,
				818C258A2059CB0400401C10 /* AppDelegate.swift in Sources */,
				818C25922059CB0400401C10 /* TestInk.xcdatamodeld in Sources */,
				81AF0AF5205ADF88009E0F12 /* EmptyView.swift in Sources */,
				818C25C42059DB3400401C10 /* FeedCell.swift in Sources */,
				818C26012059E23D00401C10 /* UserServiceDelegate.swift in Sources */,
				814F0733206535AD00789C14 /* StorageServiceDelegate.swift in Sources */,
				81BBC91C2061A406003F490B /* ImageViewController.swift in Sources */,
				81AF0B03206027A8009E0F12 /* FilterView.swift in Sources */,
				81AF0AFF205C4712009E0F12 /* EditView.swift in Sources */,
				81294E432072783A00EF50B0 /* CropFilterView.swift in Sources */,
				81AF0AF7205AE11D009E0F12 /* UIColor+Extension.swift in Sources */,
				818C25FF2059E21B00401C10 /* PostServiceDelegate.swift in Sources */,
				81BDAD1E206046D000F7D450 /* FilterCell.swift in Sources */,
				81294E41207277E800EF50B0 /* CropFilterViewController.swift in Sources */,
				818C25DA2059DD1700401C10 /* LoginVC.swift in Sources */,
				81381854206D2D7B00E29DEA /* LikeServiceDelegate.swift in Sources */,
				818C25EC2059DE0500401C10 /* FeedView.swift in Sources */,
				814F073720698F3600789C14 /* FirebaseModels.swift in Sources */,
				81BBC91A2061A2AD003F490B /* TutorialPageViewController.swift in Sources */,
				814F072720643D6200789C14 /* FirebaseDesignPostService.swift in Sources */,
				818C25E02059DD5E00401C10 /* UploadVC.swift in Sources */,
				8127EFA9205B1EA8001AAF6D /* FavoriteCell.swift in Sources */,
				818C25F62059DE9600401C10 /* Alerts.swift in Sources */,
				818C25D42059DC7E00401C10 /* FirebaseStorageService.swift in Sources */,
				814F072B20643D9A00789C14 /* FirebaseFlaggingService.swift in Sources */,
				818C25E82059DDE200401C10 /* LoginView.swift in Sources */,
				818C25EE2059DE1E00401C10 /* ProfileView.swift in Sources */,
				81381852206D2C6900E29DEA /* FirebaseLikingService.swift in Sources */,
				818C25F22059DE3B00401C10 /* ARView.swift in Sources */,
				818C25FA2059E1BD00401C10 /* AuthUserDelegate.swift in Sources */,
				818C25E62059DDB700401C10 /* CreateAccountVC.swift in Sources */,
				814F072D20643DC900789C14 /* FlagServiceDelegate.swift in Sources */,
				814F072920643D7600789C14 /* FirebasePreviewPostService.swift in Sources */,
				81B6B958206A9F7F007D46A2 /* ForgotPasswordView.swift in Sources */,
				818C25F82059DF3100401C10 /* NetworkConnectivity.swift in Sources */,
				81D17682206EC5D90049D76A /* UserDefault.swift in Sources */,
				818C25F42059DE6300401C10 /* EditImageView.swift in Sources */,
				818C25EA2059DDF700401C10 /* CreateAccountView.swift in Sources */,
				818C25CC2059DBC300401C10 /* AuthUserService.swift in Sources */,
				818C25E42059DD8A00401C10 /* FeedVC.swift in Sources */,
				818C25F02059DE3000401C10 /* UploadView.swift in Sources */,
				818C25CA2059DBAC00401C10 /* Stylesheet.swift in Sources */,
				814F072F20652C9900789C14 /* ImageHelper.swift in Sources */,
			);
			runOnlyForDeploymentPostprocessing = 0;
		};
		818C25992059CB0500401C10 /* Sources */ = {
			isa = PBXSourcesBuildPhase;
			buildActionMask = 2147483647;
			files = (
				818C25A22059CB0500401C10 /* TestInkTests.swift in Sources */,
			);
			runOnlyForDeploymentPostprocessing = 0;
		};
		818C25A42059CB0500401C10 /* Sources */ = {
			isa = PBXSourcesBuildPhase;
			buildActionMask = 2147483647;
			files = (
				818C25AD2059CB0500401C10 /* TestInkUITests.swift in Sources */,
			);
			runOnlyForDeploymentPostprocessing = 0;
		};
/* End PBXSourcesBuildPhase section */

/* Begin PBXTargetDependency section */
		818C259F2059CB0500401C10 /* PBXTargetDependency */ = {
			isa = PBXTargetDependency;
			target = 818C25852059CB0400401C10 /* TestInk */;
			targetProxy = 818C259E2059CB0500401C10 /* PBXContainerItemProxy */;
		};
		818C25AA2059CB0500401C10 /* PBXTargetDependency */ = {
			isa = PBXTargetDependency;
			target = 818C25852059CB0400401C10 /* TestInk */;
			targetProxy = 818C25A92059CB0500401C10 /* PBXContainerItemProxy */;
		};
/* End PBXTargetDependency section */

/* Begin XCBuildConfiguration section */
		818C25AF2059CB0500401C10 /* Debug */ = {
			isa = XCBuildConfiguration;
			buildSettings = {
				ALWAYS_SEARCH_USER_PATHS = NO;
				CLANG_ANALYZER_NONNULL = YES;
				CLANG_ANALYZER_NUMBER_OBJECT_CONVERSION = YES_AGGRESSIVE;
				CLANG_CXX_LANGUAGE_STANDARD = "gnu++14";
				CLANG_CXX_LIBRARY = "libc++";
				CLANG_ENABLE_MODULES = YES;
				CLANG_ENABLE_OBJC_ARC = YES;
				CLANG_WARN_BLOCK_CAPTURE_AUTORELEASING = YES;
				CLANG_WARN_BOOL_CONVERSION = YES;
				CLANG_WARN_COMMA = YES;
				CLANG_WARN_CONSTANT_CONVERSION = YES;
				CLANG_WARN_DIRECT_OBJC_ISA_USAGE = YES_ERROR;
				CLANG_WARN_DOCUMENTATION_COMMENTS = YES;
				CLANG_WARN_EMPTY_BODY = YES;
				CLANG_WARN_ENUM_CONVERSION = YES;
				CLANG_WARN_INFINITE_RECURSION = YES;
				CLANG_WARN_INT_CONVERSION = YES;
				CLANG_WARN_NON_LITERAL_NULL_CONVERSION = YES;
				CLANG_WARN_OBJC_LITERAL_CONVERSION = YES;
				CLANG_WARN_OBJC_ROOT_CLASS = YES_ERROR;
				CLANG_WARN_RANGE_LOOP_ANALYSIS = YES;
				CLANG_WARN_STRICT_PROTOTYPES = YES;
				CLANG_WARN_SUSPICIOUS_MOVE = YES;
				CLANG_WARN_UNGUARDED_AVAILABILITY = YES_AGGRESSIVE;
				CLANG_WARN_UNREACHABLE_CODE = YES;
				CLANG_WARN__DUPLICATE_METHOD_MATCH = YES;
				CODE_SIGN_IDENTITY = "iPhone Developer";
				COPY_PHASE_STRIP = NO;
				DEBUG_INFORMATION_FORMAT = dwarf;
				ENABLE_STRICT_OBJC_MSGSEND = YES;
				ENABLE_TESTABILITY = YES;
				GCC_C_LANGUAGE_STANDARD = gnu11;
				GCC_DYNAMIC_NO_PIC = NO;
				GCC_NO_COMMON_BLOCKS = YES;
				GCC_OPTIMIZATION_LEVEL = 0;
				GCC_PREPROCESSOR_DEFINITIONS = (
					"DEBUG=1",
					"$(inherited)",
				);
				GCC_WARN_64_TO_32_BIT_CONVERSION = YES;
				GCC_WARN_ABOUT_RETURN_TYPE = YES_ERROR;
				GCC_WARN_UNDECLARED_SELECTOR = YES;
				GCC_WARN_UNINITIALIZED_AUTOS = YES_AGGRESSIVE;
				GCC_WARN_UNUSED_FUNCTION = YES;
				GCC_WARN_UNUSED_VARIABLE = YES;
				IPHONEOS_DEPLOYMENT_TARGET = 11.3;
				MTL_ENABLE_DEBUG_INFO = YES;
				ONLY_ACTIVE_ARCH = YES;
				SDKROOT = iphoneos;
				SWIFT_ACTIVE_COMPILATION_CONDITIONS = DEBUG;
				SWIFT_OPTIMIZATION_LEVEL = "-Onone";
			};
			name = Debug;
		};
		818C25B02059CB0500401C10 /* Release */ = {
			isa = XCBuildConfiguration;
			buildSettings = {
				ALWAYS_SEARCH_USER_PATHS = NO;
				CLANG_ANALYZER_NONNULL = YES;
				CLANG_ANALYZER_NUMBER_OBJECT_CONVERSION = YES_AGGRESSIVE;
				CLANG_CXX_LANGUAGE_STANDARD = "gnu++14";
				CLANG_CXX_LIBRARY = "libc++";
				CLANG_ENABLE_MODULES = YES;
				CLANG_ENABLE_OBJC_ARC = YES;
				CLANG_WARN_BLOCK_CAPTURE_AUTORELEASING = YES;
				CLANG_WARN_BOOL_CONVERSION = YES;
				CLANG_WARN_COMMA = YES;
				CLANG_WARN_CONSTANT_CONVERSION = YES;
				CLANG_WARN_DIRECT_OBJC_ISA_USAGE = YES_ERROR;
				CLANG_WARN_DOCUMENTATION_COMMENTS = YES;
				CLANG_WARN_EMPTY_BODY = YES;
				CLANG_WARN_ENUM_CONVERSION = YES;
				CLANG_WARN_INFINITE_RECURSION = YES;
				CLANG_WARN_INT_CONVERSION = YES;
				CLANG_WARN_NON_LITERAL_NULL_CONVERSION = YES;
				CLANG_WARN_OBJC_LITERAL_CONVERSION = YES;
				CLANG_WARN_OBJC_ROOT_CLASS = YES_ERROR;
				CLANG_WARN_RANGE_LOOP_ANALYSIS = YES;
				CLANG_WARN_STRICT_PROTOTYPES = YES;
				CLANG_WARN_SUSPICIOUS_MOVE = YES;
				CLANG_WARN_UNGUARDED_AVAILABILITY = YES_AGGRESSIVE;
				CLANG_WARN_UNREACHABLE_CODE = YES;
				CLANG_WARN__DUPLICATE_METHOD_MATCH = YES;
				CODE_SIGN_IDENTITY = "iPhone Developer";
				COPY_PHASE_STRIP = NO;
				DEBUG_INFORMATION_FORMAT = "dwarf-with-dsym";
				ENABLE_NS_ASSERTIONS = NO;
				ENABLE_STRICT_OBJC_MSGSEND = YES;
				GCC_C_LANGUAGE_STANDARD = gnu11;
				GCC_NO_COMMON_BLOCKS = YES;
				GCC_WARN_64_TO_32_BIT_CONVERSION = YES;
				GCC_WARN_ABOUT_RETURN_TYPE = YES_ERROR;
				GCC_WARN_UNDECLARED_SELECTOR = YES;
				GCC_WARN_UNINITIALIZED_AUTOS = YES_AGGRESSIVE;
				GCC_WARN_UNUSED_FUNCTION = YES;
				GCC_WARN_UNUSED_VARIABLE = YES;
				IPHONEOS_DEPLOYMENT_TARGET = 11.3;
				MTL_ENABLE_DEBUG_INFO = NO;
				SDKROOT = iphoneos;
				SWIFT_OPTIMIZATION_LEVEL = "-Owholemodule";
				VALIDATE_PRODUCT = YES;
			};
			name = Release;
		};
		818C25B22059CB0500401C10 /* Debug */ = {
			isa = XCBuildConfiguration;
			baseConfigurationReference = BFDF863F3845F9651D8E094C /* Pods-TestInk.debug.xcconfig */;
			buildSettings = {
				ASSETCATALOG_COMPILER_APPICON_NAME = AppIcon;
				CODE_SIGN_IDENTITY = "iPhone Developer";
				CODE_SIGN_STYLE = Automatic;
				DEVELOPMENT_TEAM = R73QZ3ARFT;
				INFOPLIST_FILE = TestInk/Info.plist;
				IPHONEOS_DEPLOYMENT_TARGET = 11.3;
				LD_RUNPATH_SEARCH_PATHS = "$(inherited) @executable_path/Frameworks";
				PRODUCT_BUNDLE_IDENTIFIER = ny.c4Q.AC4.3.TestInk;
				PRODUCT_NAME = "$(TARGET_NAME)";
				PROVISIONING_PROFILE_SPECIFIER = "";
				SWIFT_VERSION = 4.0;
				TARGETED_DEVICE_FAMILY = "1,2";
			};
			name = Debug;
		};
		818C25B32059CB0500401C10 /* Release */ = {
			isa = XCBuildConfiguration;
			baseConfigurationReference = 1F1922A04BA030D7CA8DA2B3 /* Pods-TestInk.release.xcconfig */;
			buildSettings = {
				ASSETCATALOG_COMPILER_APPICON_NAME = AppIcon;
				CODE_SIGN_IDENTITY = "iPhone Developer";
				CODE_SIGN_STYLE = Automatic;
				DEVELOPMENT_TEAM = R73QZ3ARFT;
				INFOPLIST_FILE = TestInk/Info.plist;
				IPHONEOS_DEPLOYMENT_TARGET = 11.3;
				LD_RUNPATH_SEARCH_PATHS = "$(inherited) @executable_path/Frameworks";
				PRODUCT_BUNDLE_IDENTIFIER = ny.c4Q.AC4.3.TestInk;
				PRODUCT_NAME = "$(TARGET_NAME)";
				PROVISIONING_PROFILE_SPECIFIER = "";
				SWIFT_VERSION = 4.0;
				TARGETED_DEVICE_FAMILY = "1,2";
			};
			name = Release;
		};
		818C25B52059CB0500401C10 /* Debug */ = {
			isa = XCBuildConfiguration;
			baseConfigurationReference = 3BB34E66547F8E9ABD0C9900 /* Pods-TestInkTests.debug.xcconfig */;
			buildSettings = {
				ALWAYS_EMBED_SWIFT_STANDARD_LIBRARIES = YES;
				BUNDLE_LOADER = "$(TEST_HOST)";
				CODE_SIGN_IDENTITY = "iPhone Developer";
				CODE_SIGN_STYLE = Automatic;
				DEVELOPMENT_TEAM = 2B2G4E5HKD;
				INFOPLIST_FILE = TestInkTests/Info.plist;
				IPHONEOS_DEPLOYMENT_TARGET = 11.3;
				LD_RUNPATH_SEARCH_PATHS = "$(inherited) @executable_path/Frameworks @loader_path/Frameworks";
				PRODUCT_BUNDLE_IDENTIFIER = nyc.c4Q.AC4.3.TestInkTests;
				PRODUCT_NAME = "$(TARGET_NAME)";
				PROVISIONING_PROFILE_SPECIFIER = "";
				SWIFT_VERSION = 4.0;
				TARGETED_DEVICE_FAMILY = "1,2";
				TEST_HOST = "$(BUILT_PRODUCTS_DIR)/TestInk.app/TestInk";
			};
			name = Debug;
		};
		818C25B62059CB0500401C10 /* Release */ = {
			isa = XCBuildConfiguration;
			baseConfigurationReference = D5F1BA45EE11FAE6193162A1 /* Pods-TestInkTests.release.xcconfig */;
			buildSettings = {
				ALWAYS_EMBED_SWIFT_STANDARD_LIBRARIES = YES;
				BUNDLE_LOADER = "$(TEST_HOST)";
				CODE_SIGN_IDENTITY = "iPhone Developer";
				CODE_SIGN_STYLE = Automatic;
				DEVELOPMENT_TEAM = 2B2G4E5HKD;
				INFOPLIST_FILE = TestInkTests/Info.plist;
				IPHONEOS_DEPLOYMENT_TARGET = 11.3;
				LD_RUNPATH_SEARCH_PATHS = "$(inherited) @executable_path/Frameworks @loader_path/Frameworks";
				PRODUCT_BUNDLE_IDENTIFIER = nyc.c4Q.AC4.3.TestInkTests;
				PRODUCT_NAME = "$(TARGET_NAME)";
				PROVISIONING_PROFILE_SPECIFIER = "";
				SWIFT_VERSION = 4.0;
				TARGETED_DEVICE_FAMILY = "1,2";
				TEST_HOST = "$(BUILT_PRODUCTS_DIR)/TestInk.app/TestInk";
			};
			name = Release;
		};
		818C25B82059CB0500401C10 /* Debug */ = {
			isa = XCBuildConfiguration;
			baseConfigurationReference = 8711C29D4D31533542BE6F63 /* Pods-TestInkUITests.debug.xcconfig */;
			buildSettings = {
				ALWAYS_EMBED_SWIFT_STANDARD_LIBRARIES = YES;
				CODE_SIGN_STYLE = Automatic;
				DEVELOPMENT_TEAM = 86N2U73XRJ;
				INFOPLIST_FILE = TestInkUITests/Info.plist;
				LD_RUNPATH_SEARCH_PATHS = "$(inherited) @executable_path/Frameworks @loader_path/Frameworks";
				PRODUCT_BUNDLE_IDENTIFIER = nyc.c4Q.AC4.3.TestInkUITests;
				PRODUCT_NAME = "$(TARGET_NAME)";
				SWIFT_VERSION = 4.0;
				TARGETED_DEVICE_FAMILY = "1,2";
				TEST_TARGET_NAME = TestInk;
			};
			name = Debug;
		};
		818C25B92059CB0500401C10 /* Release */ = {
			isa = XCBuildConfiguration;
			baseConfigurationReference = 3230906B186AD74741EB690C /* Pods-TestInkUITests.release.xcconfig */;
			buildSettings = {
				ALWAYS_EMBED_SWIFT_STANDARD_LIBRARIES = YES;
				CODE_SIGN_STYLE = Automatic;
				DEVELOPMENT_TEAM = 86N2U73XRJ;
				INFOPLIST_FILE = TestInkUITests/Info.plist;
				LD_RUNPATH_SEARCH_PATHS = "$(inherited) @executable_path/Frameworks @loader_path/Frameworks";
				PRODUCT_BUNDLE_IDENTIFIER = nyc.c4Q.AC4.3.TestInkUITests;
				PRODUCT_NAME = "$(TARGET_NAME)";
				SWIFT_VERSION = 4.0;
				TARGETED_DEVICE_FAMILY = "1,2";
				TEST_TARGET_NAME = TestInk;
			};
			name = Release;
		};
/* End XCBuildConfiguration section */

/* Begin XCConfigurationList section */
		818C25812059CB0400401C10 /* Build configuration list for PBXProject "TestInk" */ = {
			isa = XCConfigurationList;
			buildConfigurations = (
				818C25AF2059CB0500401C10 /* Debug */,
				818C25B02059CB0500401C10 /* Release */,
			);
			defaultConfigurationIsVisible = 0;
			defaultConfigurationName = Release;
		};
		818C25B12059CB0500401C10 /* Build configuration list for PBXNativeTarget "TestInk" */ = {
			isa = XCConfigurationList;
			buildConfigurations = (
				818C25B22059CB0500401C10 /* Debug */,
				818C25B32059CB0500401C10 /* Release */,
			);
			defaultConfigurationIsVisible = 0;
			defaultConfigurationName = Release;
		};
		818C25B42059CB0500401C10 /* Build configuration list for PBXNativeTarget "TestInkTests" */ = {
			isa = XCConfigurationList;
			buildConfigurations = (
				818C25B52059CB0500401C10 /* Debug */,
				818C25B62059CB0500401C10 /* Release */,
			);
			defaultConfigurationIsVisible = 0;
			defaultConfigurationName = Release;
		};
		818C25B72059CB0500401C10 /* Build configuration list for PBXNativeTarget "TestInkUITests" */ = {
			isa = XCConfigurationList;
			buildConfigurations = (
				818C25B82059CB0500401C10 /* Debug */,
				818C25B92059CB0500401C10 /* Release */,
			);
			defaultConfigurationIsVisible = 0;
			defaultConfigurationName = Release;
		};
/* End XCConfigurationList section */

/* Begin XCVersionGroup section */
		818C25902059CB0400401C10 /* TestInk.xcdatamodeld */ = {
			isa = XCVersionGroup;
			children = (
				818C25912059CB0400401C10 /* TestInk.xcdatamodel */,
			);
			currentVersion = 818C25912059CB0400401C10 /* TestInk.xcdatamodel */;
			path = TestInk.xcdatamodeld;
			sourceTree = "<group>";
			versionGroupType = wrapper.xcdatamodel;
		};
/* End XCVersionGroup section */
	};
	rootObject = 818C257E2059CB0400401C10 /* Project object */;
}
